{
  "nodes": {
    "dekking": {
      "flake": false,
      "locked": {
        "lastModified": 1780340330,
        "narHash": "sha256-OJ08grJXmv9xqfGAMMDxrnjkcrTwr4zs9+As4llfhzs=",
        "owner": "NorfairKing",
        "repo": "dekking",
        "rev": "ef3f01795dd5401b3c3a7d4301d0648dd529368a",
        "type": "github"
      },
      "original": {
        "owner": "NorfairKing",
        "repo": "dekking",
        "type": "github"
      }
    },
    "flake-compat": {
      "flake": false,
      "locked": {
        "lastModified": 1767039857,
        "narHash": "sha256-vNpUSpF5Nuw8xvDLj2KCwwksIbjua2LZCqhV1LNRDns=",
        "owner": "NixOS",
        "repo": "flake-compat",
        "rev": "5edf11c44bc78a0d334f6334cdaf7d60d732daab",
        "type": "github"
      },
      "original": {
        "owner": "NixOS",
        "repo": "flake-compat",
        "type": "github"
      }
    },
    "gitignore": {
      "inputs": {
        "nixpkgs": [
          "pre-commit-hooks",
          "nixpkgs"
        ]
      },
      "locked": {
        "lastModified": 1709087332,
        "narHash": "sha256-HG2cCnktfHsKV0s4XW83gU3F57gaTljL9KNSuG6bnQs=",
        "owner": "hercules-ci",
        "repo": "gitignore.nix",
        "rev": "637db329424fd7e46cf4185293b9cc8c88c95394",
        "type": "github"
      },
      "original": {
        "owner": "hercules-ci",
        "repo": "gitignore.nix",
        "type": "github"
      }
    },
    "haskell-dependency-graph-nix": {
      "inputs": {
        "nixpkgs": [
          "nixpkgs"
        ],
        "pre-commit-hooks": [
          "pre-commit-hooks"
        ]
      },
      "locked": {
        "lastModified": 1780340331,
        "narHash": "sha256-Stl8wBAfpSp/gLgOPZOtiXJaYPVVjVWpcEj4Qf1RiS0=",
        "owner": "NorfairKing",
        "repo": "haskell-dependency-graph-nix",
        "rev": "baad17d5f8f81bb47fb15b44fa2f9c4092953397",
        "type": "github"
      },
      "original": {
        "owner": "NorfairKing",
        "repo": "haskell-dependency-graph-nix",
        "type": "github"
      }
    },
    "nixpkgs": {
      "locked": {
        "lastModified": 1782535326,
        "narHash": "sha256-ZeRxu4yn6shd3SNF5ZUQb4r7BaVo1zBKMjRhfoNSBmw=",
        "owner": "NixOS",
        "repo": "nixpkgs",
        "rev": "714a5f8c4ead6b31148d829288440ed033ccc041",
        "type": "github"
      },
      "original": {
        "owner": "NixOS",
        "ref": "nixos-26.05",
        "repo": "nixpkgs",
        "type": "github"
      }
    },
    "nixpkgs_2": {
      "locked": {
        "lastModified": 1770073757,
        "narHash": "sha256-Vy+G+F+3E/Tl+GMNgiHl9Pah2DgShmIUBJXmbiQPHbI=",
        "owner": "NixOS",
        "repo": "nixpkgs",
        "rev": "47472570b1e607482890801aeaf29bfb749884f6",
        "type": "github"
      },
      "original": {
        "owner": "NixOS",
        "ref": "nixpkgs-unstable",
        "repo": "nixpkgs",
        "type": "github"
      }
    },
    "opt-env-conf": {
      "flake": false,
      "locked": {
        "lastModified": 1780340332,
        "narHash": "sha256-FnHU+1d4+MABorp9+IRgOl1XUYpj+JJ7XFKrz5NkQlk=",
        "owner": "NorfairKing",
        "repo": "opt-env-conf",
        "rev": "de7ac850e960c28e5182810515a87fbe1d6daede",
        "type": "github"
      },
      "original": {
        "owner": "NorfairKing",
        "repo": "opt-env-conf",
        "type": "github"
      }
    },
    "pre-commit-hooks": {
      "inputs": {
        "flake-compat": "flake-compat",
        "gitignore": "gitignore",
        "nixpkgs": "nixpkgs_2"
      },
      "locked": {
        "lastModified": 1781733627,
        "narHash": "sha256-U3yTuGBnmXvXoQI3qkpfEDsn9RovQPAjN7ndRco+3u0=",
        "owner": "cachix",
        "repo": "pre-commit-hooks.nix",
        "rev": "3bbec39bc90eadfa031e6f3b77272f3f60803e39",
        "type": "github"
      },
      "original": {
        "owner": "cachix",
        "repo": "pre-commit-hooks.nix",
        "type": "github"
      }
    },
    "root": {
      "inputs": {
        "dekking": "dekking",
        "haskell-dependency-graph-nix": "haskell-dependency-graph-nix",
        "nixpkgs": "nixpkgs",
        "opt-env-conf": "opt-env-conf",
        "pre-commit-hooks": "pre-commit-hooks",
        "weeder-nix": "weeder-nix"
      }
    },
    "weeder-nix": {
      "flake": false,
      "locked": {
        "lastModified": 1781183210,
        "narHash": "sha256-W7bGjdXihcsFADLzivYkW/vFXC1KOl1WoMbs9xQQy1k=",
        "owner": "NorfairKing",
        "repo": "weeder-nix",
        "rev": "e0f0c0532babecb3e5726a1fbc1f89c1472c4cd4",
        "type": "github"
      },
      "original": {
        "owner": "NorfairKing",
        "repo": "weeder-nix",
        "type": "github"
      }
    }
  },
  "root": "root",
  "version": 7
}
