{
  "nodes": {
    "autodocodec": {
      "flake": false,
      "locked": {
        "lastModified": 1700495536,
        "narHash": "sha256-a71Ea0alRBJyQdb24HseEN3U7zc71PqqXBfWELAO6IA=",
        "owner": "NorfairKing",
        "repo": "autodocodec",
        "rev": "e7f4ec8d1d47e77c0f7fe83c8032abae5b082572",
        "type": "github"
      },
      "original": {
        "owner": "NorfairKing",
        "repo": "autodocodec",
        "type": "github"
      }
    },
    "dekking": {
      "flake": false,
      "locked": {
        "lastModified": 1697914016,
        "narHash": "sha256-f7GKRmZQMztuEHLdu3B29j+mldMunzwO03GcEFw+7eY=",
        "owner": "NorfairKing",
        "repo": "dekking",
        "rev": "930252d59c3bb5c2d51cb02ecc6863d93e623c6a",
        "type": "github"
      },
      "original": {
        "owner": "NorfairKing",
        "repo": "dekking",
        "type": "github"
      }
    },
    "fast-myers-diff": {
      "flake": false,
      "locked": {
        "lastModified": 1696885120,
        "narHash": "sha256-wqJ0/P3pXOISDhRHpEt11GVYllb+DFt46Mh+k/y1bYw=",
        "owner": "NorfairKing",
        "repo": "fast-myers-diff",
        "rev": "c106ef803c69ef9440399247ec4ffd59c84f6fc7",
        "type": "github"
      },
      "original": {
        "owner": "NorfairKing",
        "repo": "fast-myers-diff",
        "type": "github"
      }
    },
    "flake-compat": {
      "flake": false,
      "locked": {
        "lastModified": 1673956053,
        "narHash": "sha256-4gtG9iQuiKITOjNQQeQIpoIB6b16fm+504Ch3sNKLd8=",
        "owner": "edolstra",
        "repo": "flake-compat",
        "rev": "35bb57c0c8d8b62bbfd284272c928ceb64ddbde9",
        "type": "github"
      },
      "original": {
        "owner": "edolstra",
        "repo": "flake-compat",
        "type": "github"
      }
    },
    "flake-utils": {
      "inputs": {
        "systems": "systems"
      },
      "locked": {
        "lastModified": 1685518550,
        "narHash": "sha256-o2d0KcvaXzTrPRIo0kOLV0/QXHhDQ5DTi+OxcjO8xqY=",
        "owner": "numtide",
        "repo": "flake-utils",
        "rev": "a1720a10a6cfe8234c0e93907ffe81be440f4cef",
        "type": "github"
      },
      "original": {
        "owner": "numtide",
        "repo": "flake-utils",
        "type": "github"
      }
    },
    "gitignore": {
      "inputs": {
        "nixpkgs": [
          "pre-commit-hooks",
          "nixpkgs"
        ]
      },
      "locked": {
        "lastModified": 1660459072,
        "narHash": "sha256-8DFJjXG8zqoONA1vXtgeKXy68KdJL5UaXR8NtVMUbx8=",
        "owner": "hercules-ci",
        "repo": "gitignore.nix",
        "rev": "a20de23b925fd8264fd7fad6454652e142fd7f73",
        "type": "github"
      },
      "original": {
        "owner": "hercules-ci",
        "repo": "gitignore.nix",
        "type": "github"
      }
    },
    "haskell-dependency-graph-nix": {
      "inputs": {
        "nixpkgs": [
          "nixpkgs"
        ],
        "pre-commit-hooks": [
          "pre-commit-hooks"
        ]
      },
      "locked": {
        "lastModified": 1670417232,
        "narHash": "sha256-mSKwKYAmOrKW2VQ7AL1x5GOFmbXd5FV02ImxdJl+mZg=",
        "owner": "NorfairKing",
        "repo": "haskell-dependency-graph-nix",
        "rev": "1dd987dee4863e47f69eae2b1e3df1b747d43e53",
        "type": "github"
      },
      "original": {
        "owner": "NorfairKing",
        "repo": "haskell-dependency-graph-nix",
        "type": "github"
      }
    },
    "home-manager": {
      "inputs": {
        "nixpkgs": "nixpkgs"
      },
      "locked": {
        "lastModified": 1700392168,
        "narHash": "sha256-v5LprEFx3u4+1vmds9K0/i7sHjT0IYGs7u9v54iz/OA=",
        "owner": "nix-community",
        "repo": "home-manager",
        "rev": "28535c3a34d79071f2ccb68671971ce0c0984d7e",
        "type": "github"
      },
      "original": {
        "owner": "nix-community",
        "ref": "release-23.05",
        "repo": "home-manager",
        "type": "github"
      }
    },
    "linkcheck": {
      "flake": false,
      "locked": {
        "lastModified": 1685701263,
        "narHash": "sha256-h6Pw8X+Bd61S/WMPbMYCQl6R7C2intDDEHedI6DPfS4=",
        "owner": "NorfairKing",
        "repo": "linkcheck",
        "rev": "4ce1fd2b63db1401acb6ac87f5696af66837d9df",
        "type": "github"
      },
      "original": {
        "owner": "NorfairKing",
        "repo": "linkcheck",
        "type": "github"
      }
    },
    "mergeless": {
      "flake": false,
      "locked": {
        "lastModified": 1696885427,
        "narHash": "sha256-s7EllBrL5snLincPywcBg1vQvu97Qy0KhBXKS8p2q1s=",
        "owner": "NorfairKing",
        "repo": "mergeless",
        "rev": "af70d2eb3055bdba54be960fa14ee5c55a60772e",
        "type": "github"
      },
      "original": {
        "owner": "NorfairKing",
        "repo": "mergeless",
        "type": "github"
      }
    },
    "nixpkgs": {
      "locked": {
        "lastModified": 1687466461,
        "narHash": "sha256-oupXI7g7RPzlpGUfAu1xG4KBK53GrZH8/xeKgKDB4+Q=",
        "owner": "nixos",
        "repo": "nixpkgs",
        "rev": "ecb441f22067ba1d6312f4932a7c64efa8d19a7b",
        "type": "github"
      },
      "original": {
        "owner": "nixos",
        "ref": "nixos-23.05",
        "repo": "nixpkgs",
        "type": "github"
      }
    },
    "nixpkgs-stable": {
      "locked": {
        "lastModified": 1685801374,
        "narHash": "sha256-otaSUoFEMM+LjBI1XL/xGB5ao6IwnZOXc47qhIgJe8U=",
        "owner": "NixOS",
        "repo": "nixpkgs",
        "rev": "c37ca420157f4abc31e26f436c1145f8951ff373",
        "type": "github"
      },
      "original": {
        "owner": "NixOS",
        "ref": "nixos-23.05",
        "repo": "nixpkgs",
        "type": "github"
      }
    },
    "nixpkgs_2": {
      "locked": {
        "lastModified": 1700403855,
        "narHash": "sha256-Q0Uzjik9kUTN9pd/kp52XJi5kletBhy29ctBlAG+III=",
        "owner": "NixOS",
        "repo": "nixpkgs",
        "rev": "0c5678df521e1407884205fe3ce3cf1d7df297db",
        "type": "github"
      },
      "original": {
        "owner": "NixOS",
        "ref": "nixos-23.05",
        "repo": "nixpkgs",
        "type": "github"
      }
    },
    "nixpkgs_3": {
      "locked": {
        "lastModified": 1689261696,
        "narHash": "sha256-LzfUtFs9MQRvIoQ3MfgSuipBVMXslMPH/vZ+nM40LkA=",
        "owner": "NixOS",
        "repo": "nixpkgs",
        "rev": "df1eee2aa65052a18121ed4971081576b25d6b5c",
        "type": "github"
      },
      "original": {
        "owner": "NixOS",
        "ref": "nixpkgs-unstable",
        "repo": "nixpkgs",
        "type": "github"
      }
    },
    "openapi-code-generator": {
      "flake": false,
      "locked": {
        "lastModified": 1687352838,
        "narHash": "sha256-2P3MZISa6qiwMGrt0Rsc+lPKzFYdvARwUzhvxvj6k3Y=",
        "owner": "Haskell-OpenAPI-Code-Generator",
        "repo": "Haskell-OpenAPI-Client-Code-Generator",
        "rev": "aca57e0134f6322ecfaed226b2b4698f60f5a7f6",
        "type": "github"
      },
      "original": {
        "owner": "Haskell-OpenAPI-Code-Generator",
        "repo": "Haskell-OpenAPI-Client-Code-Generator",
        "type": "github"
      }
    },
    "pre-commit-hooks": {
      "inputs": {
        "flake-compat": "flake-compat",
        "flake-utils": "flake-utils",
        "gitignore": "gitignore",
        "nixpkgs": "nixpkgs_3",
        "nixpkgs-stable": "nixpkgs-stable"
      },
      "locked": {
        "lastModified": 1700064067,
        "narHash": "sha256-1ZWNDzhu8UlVCK7+DUN9dVQfiHX1bv6OQP9VxstY/gs=",
        "owner": "cachix",
        "repo": "pre-commit-hooks.nix",
        "rev": "e558068cba67b23b4fbc5537173dbb43748a17e8",
        "type": "github"
      },
      "original": {
        "owner": "cachix",
        "repo": "pre-commit-hooks.nix",
        "type": "github"
      }
    },
    "root": {
      "inputs": {
        "autodocodec": "autodocodec",
        "dekking": "dekking",
        "fast-myers-diff": "fast-myers-diff",
        "haskell-dependency-graph-nix": "haskell-dependency-graph-nix",
        "home-manager": "home-manager",
        "linkcheck": "linkcheck",
        "mergeless": "mergeless",
        "nixpkgs": "nixpkgs_2",
        "openapi-code-generator": "openapi-code-generator",
        "pre-commit-hooks": "pre-commit-hooks",
        "safe-coloured-text": "safe-coloured-text",
        "seocheck": "seocheck",
        "sydtest": "sydtest",
        "validity": "validity",
        "yesod-autoreload": "yesod-autoreload",
        "yesod-static-remote": "yesod-static-remote"
      }
    },
    "safe-coloured-text": {
      "flake": false,
      "locked": {
        "lastModified": 1696884906,
        "narHash": "sha256-7CanCNOCB5gFwqhEPFIoOojoM1iVJZKF5YRy7unUDuo=",
        "owner": "NorfairKing",
        "repo": "safe-coloured-text",
        "rev": "50abcbfa2a2ed15c6186fa2381fe818bd93a730b",
        "type": "github"
      },
      "original": {
        "owner": "NorfairKing",
        "repo": "safe-coloured-text",
        "type": "github"
      }
    },
    "seocheck": {
      "flake": false,
      "locked": {
        "lastModified": 1685701315,
        "narHash": "sha256-H3i9ng2kO+FYtVoEG07CBS8gLB+qvLnyazwFpCSu5oE=",
        "owner": "NorfairKing",
        "repo": "seocheck",
        "rev": "6226a03a68c0504cd36870a0859a0f88e058e9d7",
        "type": "github"
      },
      "original": {
        "owner": "NorfairKing",
        "repo": "seocheck",
        "type": "github"
      }
    },
    "sydtest": {
      "flake": false,
      "locked": {
        "lastModified": 1696883645,
        "narHash": "sha256-Yr5piSv96hgKC7z7aHqo8kMKJPyL8ZG2lbDb7oFUZxw=",
        "owner": "NorfairKing",
        "repo": "sydtest",
        "rev": "6313c1b211d14c1215cdf97b9933675cf9c2adb9",
        "type": "github"
      },
      "original": {
        "owner": "NorfairKing",
        "repo": "sydtest",
        "type": "github"
      }
    },
    "systems": {
      "locked": {
        "lastModified": 1681028828,
        "narHash": "sha256-Vy1rq5AaRuLzOxct8nz4T6wlgyUR7zLU309k9mBC768=",
        "owner": "nix-systems",
        "repo": "default",
        "rev": "da67096a3b9bf56a91d16901293e51ba5b49a27e",
        "type": "github"
      },
      "original": {
        "owner": "nix-systems",
        "repo": "default",
        "type": "github"
      }
    },
    "validity": {
      "flake": false,
      "locked": {
        "lastModified": 1696884006,
        "narHash": "sha256-w2dKXZrNxXm/hsYkef5ZLTDxm3IsIzdj3i2qc1GC+A8=",
        "owner": "NorfairKing",
        "repo": "validity",
        "rev": "34e17fe6d92765209f1db8127aee13c74285805d",
        "type": "github"
      },
      "original": {
        "owner": "NorfairKing",
        "repo": "validity",
        "type": "github"
      }
    },
    "yesod-autoreload": {
      "flake": false,
      "locked": {
        "lastModified": 1691567166,
        "narHash": "sha256-+7sDs7yoxA4FY6qKzNVEIV+mIkp96IjwLZT5z5yLSH0=",
        "owner": "NorfairKing",
        "repo": "yesod-autoreload",
        "rev": "dfd89eaa65f77c1f1a5a38810d9513b3649971e4",
        "type": "github"
      },
      "original": {
        "owner": "NorfairKing",
        "repo": "yesod-autoreload",
        "type": "github"
      }
    },
    "yesod-static-remote": {
      "flake": false,
      "locked": {
        "lastModified": 1685727661,
        "narHash": "sha256-4mTiQQtrDsiV2KwYHX/8UHlbDr/oayj+nqJXoTlaPZw=",
        "owner": "NorfairKing",
        "repo": "yesod-static-remote",
        "rev": "f3a65a0012b0a82c963ec027732be18d45c0c991",
        "type": "github"
      },
      "original": {
        "owner": "NorfairKing",
        "repo": "yesod-static-remote",
        "type": "github"
      }
    }
  },
  "root": "root",
  "version": 7
}
